// !$*UTF8*$!
{
	archiveVersion = 1;
	classes = {
	};
	objectVersion = 56;
	objects = {

/* Begin PBXBuildFile section */
		AD5A42FF2CAC1C5B0015ABCD /* Weather_y_MASApp.swift in Sources */ = {isa = PBXBuildFile; fileRef = AD5A42FE2CAC1C5B0015ABCD /* Weather_y_MASApp.swift */; };
		AD5A43032CAC1C5F0015ABCD /* Assets.xcassets in Resources */ = {isa = PBXBuildFile; fileRef = AD5A43022CAC1C5F0015ABCD /* Assets.xcassets */; };
		AD5A43062CAC1C5F0015ABCD /* Preview Assets.xcassets in Resources */ = {isa = PBXBuildFile; fileRef = AD5A43052CAC1C5F0015ABCD /* Preview Assets.xcassets */; };
		AD5A43302CAC207A0015ABCD /* ContentViewDelegate.swift in Sources */ = {isa = PBXBuildFile; fileRef = AD5A430D2CAC20790015ABCD /* ContentViewDelegate.swift */; };
		AD5A43312CAC207A0015ABCD /* SearchViewControllerRepresentable.swift in Sources */ = {isa = PBXBuildFile; fileRef = AD5A430F2CAC20790015ABCD /* SearchViewControllerRepresentable.swift */; };
		AD5A43322CAC207A0015ABCD /* LocationManager.swift in Sources */ = {isa = PBXBuildFile; fileRef = AD5A43112CAC20790015ABCD /* LocationManager.swift */; };
		AD5A43332CAC207A0015ABCD /* SearchViewController.swift in Sources */ = {isa = PBXBuildFile; fileRef = AD5A43132CAC20790015ABCD /* SearchViewController.swift */; };
		AD5A43342CAC207A0015ABCD /* LocationWeather.swift in Sources */ = {isa = PBXBuildFile; fileRef = AD5A43172CAC20790015ABCD /* LocationWeather.swift */; };
		AD5A43352CAC207A0015ABCD /* GetRecentWeatherDataUseCase.swift in Sources */ = {isa = PBXBuildFile; fileRef = AD5A43192CAC20790015ABCD /* GetRecentWeatherDataUseCase.swift */; };
		AD5A43362CAC207A0015ABCD /* GetWeatherAtCoordinate.swift in Sources */ = {isa = PBXBuildFile; fileRef = AD5A431A2CAC20790015ABCD /* GetWeatherAtCoordinate.swift */; };
		AD5A43372CAC207A0015ABCD /* GetWeatherIconUseCase.swift in Sources */ = {isa = PBXBuildFile; fileRef = AD5A431B2CAC20790015ABCD /* GetWeatherIconUseCase.swift */; };
		AD5A43382CAC207A0015ABCD /* SetRecentWeatherDataUseCase.swift in Sources */ = {isa = PBXBuildFile; fileRef = AD5A431C2CAC20790015ABCD /* SetRecentWeatherDataUseCase.swift */; };
		AD5A43392CAC207A0015ABCD /* LocationWeatherError.swift in Sources */ = {isa = PBXBuildFile; fileRef = AD5A431F2CAC20790015ABCD /* LocationWeatherError.swift */; };
		AD5A433A2CAC207A0015ABCD /* LocationWeatherMapper.swift in Sources */ = {isa = PBXBuildFile; fileRef = AD5A43202CAC20790015ABCD /* LocationWeatherMapper.swift */; };
		AD5A433B2CAC207A0015ABCD /* LocationWeatherResponse.swift in Sources */ = {isa = PBXBuildFile; fileRef = AD5A43212CAC20790015ABCD /* LocationWeatherResponse.swift */; };
		AD5A433C2CAC207A0015ABCD /* MainResponse.swift in Sources */ = {isa = PBXBuildFile; fileRef = AD5A43222CAC20790015ABCD /* MainResponse.swift */; };
		AD5A433D2CAC207A0015ABCD /* WeatherResponse.swift in Sources */ = {isa = PBXBuildFile; fileRef = AD5A43232CAC20790015ABCD /* WeatherResponse.swift */; };
		AD5A433E2CAC207A0015ABCD /* AppUserDefaults.swift in Sources */ = {isa = PBXBuildFile; fileRef = AD5A43252CAC20790015ABCD /* AppUserDefaults.swift */; };
		AD5A433F2CAC207A0015ABCD /* WeatherService.swift in Sources */ = {isa = PBXBuildFile; fileRef = AD5A43262CAC20790015ABCD /* WeatherService.swift */; };
		AD5A43402CAC207A0015ABCD /* GetRecentWeatherDataUseCaseImpl.swift in Sources */ = {isa = PBXBuildFile; fileRef = AD5A43282CAC20790015ABCD /* GetRecentWeatherDataUseCaseImpl.swift */; };
		AD5A43412CAC207A0015ABCD /* GetWeatherAtCoordinateUseCaseImpl.swift in Sources */ = {isa = PBXBuildFile; fileRef = AD5A43292CAC20790015ABCD /* GetWeatherAtCoordinateUseCaseImpl.swift */; };
		AD5A43422CAC207A0015ABCD /* GetWeatherIconUseCaseImpl.swift in Sources */ = {isa = PBXBuildFile; fileRef = AD5A432A2CAC20790015ABCD /* GetWeatherIconUseCaseImpl.swift */; };
		AD5A43432CAC207A0015ABCD /* SetRecentWeatherDataUseCaseImpl.swift in Sources */ = {isa = PBXBuildFile; fileRef = AD5A432B2CAC20790015ABCD /* SetRecentWeatherDataUseCaseImpl.swift */; };
		AD5A43442CAC207A0015ABCD /* ContentViewModel.swift in Sources */ = {isa = PBXBuildFile; fileRef = AD5A432E2CAC20790015ABCD /* ContentViewModel.swift */; };
		AD5A43462CAC209E0015ABCD /* ContentView.swift in Sources */ = {isa = PBXBuildFile; fileRef = AD5A43452CAC209E0015ABCD /* ContentView.swift */; };
		AD5A43492CAC215C0015ABCD /* GooglePlaces in Frameworks */ = {isa = PBXBuildFile; productRef = AD5A43482CAC215C0015ABCD /* GooglePlaces */; };
/* End PBXBuildFile section */

/* Begin PBXFileReference section */
		AD5A42FB2CAC1C5B0015ABCD /* Weather y MAS.app */ = {isa = PBXFileReference; explicitFileType = wrapper.application; includeInIndex = 0; path = "Weather y MAS.app"; sourceTree = BUILT_PRODUCTS_DIR; };
		AD5A42FE2CAC1C5B0015ABCD /* Weather_y_MASApp.swift */ = {isa = PBXFileReference; lastKnownFileType = sourcecode.swift; path = Weather_y_MASApp.swift; sourceTree = "<group>"; };
		AD5A43022CAC1C5F0015ABCD /* Assets.xcassets */ = {isa = PBXFileReference; lastKnownFileType = folder.assetcatalog; path = Assets.xcassets; sourceTree = "<group>"; };
		AD5A43052CAC1C5F0015ABCD /* Preview Assets.xcassets */ = {isa = PBXFileReference; lastKnownFileType = folder.assetcatalog; path = "Preview Assets.xcassets"; sourceTree = "<group>"; };
		AD5A430D2CAC20790015ABCD /* ContentViewDelegate.swift */ = {isa = PBXFileReference; fileEncoding = 4; lastKnownFileType = sourcecode.swift; path = ContentViewDelegate.swift; sourceTree = "<group>"; };
		AD5A430F2CAC20790015ABCD /* SearchViewControllerRepresentable.swift */ = {isa = PBXFileReference; fileEncoding = 4; lastKnownFileType = sourcecode.swift; path = SearchViewControllerRepresentable.swift; sourceTree = "<group>"; };
		AD5A43112CAC20790015ABCD /* LocationManager.swift */ = {isa = PBXFileReference; fileEncoding = 4; lastKnownFileType = sourcecode.swift; path = LocationManager.swift; sourceTree = "<group>"; };
		AD5A43132CAC20790015ABCD /* SearchViewController.swift */ = {isa = PBXFileReference; fileEncoding = 4; lastKnownFileType = sourcecode.swift; path = SearchViewController.swift; sourceTree = "<group>"; };
		AD5A43172CAC20790015ABCD /* LocationWeather.swift */ = {isa = PBXFileReference; fileEncoding = 4; lastKnownFileType = sourcecode.swift; path = LocationWeather.swift; sourceTree = "<group>"; };
		AD5A43192CAC20790015ABCD /* GetRecentWeatherDataUseCase.swift */ = {isa = PBXFileReference; fileEncoding = 4; lastKnownFileType = sourcecode.swift; path = GetRecentWeatherDataUseCase.swift; sourceTree = "<group>"; };
		AD5A431A2CAC20790015ABCD /* GetWeatherAtCoordinate.swift */ = {isa = PBXFileReference; fileEncoding = 4; lastKnownFileType = sourcecode.swift; path = GetWeatherAtCoordinate.swift; sourceTree = "<group>"; };
		AD5A431B2CAC20790015ABCD /* GetWeatherIconUseCase.swift */ = {isa = PBXFileReference; fileEncoding = 4; lastKnownFileType = sourcecode.swift; path = GetWeatherIconUseCase.swift; sourceTree = "<group>"; };
		AD5A431C2CAC20790015ABCD /* SetRecentWeatherDataUseCase.swift */ = {isa = PBXFileReference; fileEncoding = 4; lastKnownFileType = sourcecode.swift; path = SetRecentWeatherDataUseCase.swift; sourceTree = "<group>"; };
		AD5A431F2CAC20790015ABCD /* LocationWeatherError.swift */ = {isa = PBXFileReference; fileEncoding = 4; lastKnownFileType = sourcecode.swift; path = LocationWeatherError.swift; sourceTree = "<group>"; };
		AD5A43202CAC20790015ABCD /* LocationWeatherMapper.swift */ = {isa = PBXFileReference; fileEncoding = 4; lastKnownFileType = sourcecode.swift; path = LocationWeatherMapper.swift; sourceTree = "<group>"; };
		AD5A43212CAC20790015ABCD /* LocationWeatherResponse.swift */ = {isa = PBXFileReference; fileEncoding = 4; lastKnownFileType = sourcecode.swift; path = LocationWeatherResponse.swift; sourceTree = "<group>"; };
		AD5A43222CAC20790015ABCD /* MainResponse.swift */ = {isa = PBXFileReference; fileEncoding = 4; lastKnownFileType = sourcecode.swift; path = MainResponse.swift; sourceTree = "<group>"; };
		AD5A43232CAC20790015ABCD /* WeatherResponse.swift */ = {isa = PBXFileReference; fileEncoding = 4; lastKnownFileType = sourcecode.swift; path = WeatherResponse.swift; sourceTree = "<group>"; };
		AD5A43252CAC20790015ABCD /* AppUserDefaults.swift */ = {isa = PBXFileReference; fileEncoding = 4; lastKnownFileType = sourcecode.swift; path = AppUserDefaults.swift; sourceTree = "<group>"; };
		AD5A43262CAC20790015ABCD /* WeatherService.swift */ = {isa = PBXFileReference; fileEncoding = 4; lastKnownFileType = sourcecode.swift; path = WeatherService.swift; sourceTree = "<group>"; };
		AD5A43282CAC20790015ABCD /* GetRecentWeatherDataUseCaseImpl.swift */ = {isa = PBXFileReference; fileEncoding = 4; lastKnownFileType = sourcecode.swift; path = GetRecentWeatherDataUseCaseImpl.swift; sourceTree = "<group>"; };
		AD5A43292CAC20790015ABCD /* GetWeatherAtCoordinateUseCaseImpl.swift */ = {isa = PBXFileReference; fileEncoding = 4; lastKnownFileType = sourcecode.swift; path = GetWeatherAtCoordinateUseCaseImpl.swift; sourceTree = "<group>"; };
		AD5A432A2CAC20790015ABCD /* GetWeatherIconUseCaseImpl.swift */ = {isa = PBXFileReference; fileEncoding = 4; lastKnownFileType = sourcecode.swift; path = GetWeatherIconUseCaseImpl.swift; sourceTree = "<group>"; };
		AD5A432B2CAC20790015ABCD /* SetRecentWeatherDataUseCaseImpl.swift */ = {isa = PBXFileReference; fileEncoding = 4; lastKnownFileType = sourcecode.swift; path = SetRecentWeatherDataUseCaseImpl.swift; sourceTree = "<group>"; };
		AD5A432E2CAC20790015ABCD /* ContentViewModel.swift */ = {isa = PBXFileReference; fileEncoding = 4; lastKnownFileType = sourcecode.swift; path = ContentViewModel.swift; sourceTree = "<group>"; };
		AD5A43452CAC209E0015ABCD /* ContentView.swift */ = {isa = PBXFileReference; fileEncoding = 4; lastKnownFileType = sourcecode.swift; path = ContentView.swift; sourceTree = "<group>"; };
/* End PBXFileReference section */

/* Begin PBXFrameworksBuildPhase section */
		AD5A42F82CAC1C5B0015ABCD /* Frameworks */ = {
			isa = PBXFrameworksBuildPhase;
			buildActionMask = 2147483647;
			files = (
				AD5A43492CAC215C0015ABCD /* GooglePlaces in Frameworks */,
			);
			runOnlyForDeploymentPostprocessing = 0;
		};
/* End PBXFrameworksBuildPhase section */

/* Begin PBXGroup section */
		AD5A42F22CAC1C5B0015ABCD = {
			isa = PBXGroup;
			children = (
				AD5A42FD2CAC1C5B0015ABCD /* Weather y MAS */,
				AD5A42FC2CAC1C5B0015ABCD /* Products */,
			);
			sourceTree = "<group>";
		};
		AD5A42FC2CAC1C5B0015ABCD /* Products */ = {
			isa = PBXGroup;
			children = (
				AD5A42FB2CAC1C5B0015ABCD /* Weather y MAS.app */,
			);
			name = Products;
			sourceTree = "<group>";
		};
		AD5A42FD2CAC1C5B0015ABCD /* Weather y MAS */ = {
			isa = PBXGroup;
			children = (
				AD5A43452CAC209E0015ABCD /* ContentView.swift */,
				AD5A432E2CAC20790015ABCD /* ContentViewModel.swift */,
				AD5A432D2CAC20790015ABCD /* Data */,
				AD5A431E2CAC20790015ABCD /* Domain */,
				AD5A43162CAC20790015ABCD /* Presentation */,
				AD5A42FE2CAC1C5B0015ABCD /* Weather_y_MASApp.swift */,
				AD5A43022CAC1C5F0015ABCD /* Assets.xcassets */,
				AD5A43042CAC1C5F0015ABCD /* Preview Content */,
			);
			path = "Weather y MAS";
			sourceTree = "<group>";
		};
		AD5A43042CAC1C5F0015ABCD /* Preview Content */ = {
			isa = PBXGroup;
			children = (
				AD5A43052CAC1C5F0015ABCD /* Preview Assets.xcassets */,
			);
			path = "Preview Content";
			sourceTree = "<group>";
		};
		AD5A430E2CAC20790015ABCD /* Protocols */ = {
			isa = PBXGroup;
			children = (
				AD5A430D2CAC20790015ABCD /* ContentViewDelegate.swift */,
			);
			path = Protocols;
			sourceTree = "<group>";
		};
		AD5A43102CAC20790015ABCD /* Representables */ = {
			isa = PBXGroup;
			children = (
				AD5A430F2CAC20790015ABCD /* SearchViewControllerRepresentable.swift */,
			);
			path = Representables;
			sourceTree = "<group>";
		};
		AD5A43122CAC20790015ABCD /* Utils */ = {
			isa = PBXGroup;
			children = (
				AD5A43112CAC20790015ABCD /* LocationManager.swift */,
			);
			path = Utils;
			sourceTree = "<group>";
		};
		AD5A43142CAC20790015ABCD /* ViewControllers */ = {
			isa = PBXGroup;
			children = (
				AD5A43132CAC20790015ABCD /* SearchViewController.swift */,
			);
			path = ViewControllers;
			sourceTree = "<group>";
		};
		AD5A43152CAC20790015ABCD /* Views */ = {
			isa = PBXGroup;
			children = (
			);
			path = Views;
			sourceTree = "<group>";
		};
		AD5A43162CAC20790015ABCD /* Presentation */ = {
			isa = PBXGroup;
			children = (
				AD5A430E2CAC20790015ABCD /* Protocols */,
				AD5A43102CAC20790015ABCD /* Representables */,
				AD5A43122CAC20790015ABCD /* Utils */,
				AD5A43142CAC20790015ABCD /* ViewControllers */,
				AD5A43152CAC20790015ABCD /* Views */,
			);
			path = Presentation;
			sourceTree = "<group>";
		};
		AD5A43182CAC20790015ABCD /* Models */ = {
			isa = PBXGroup;
			children = (
				AD5A43172CAC20790015ABCD /* LocationWeather.swift */,
			);
			path = Models;
			sourceTree = "<group>";
		};
		AD5A431D2CAC20790015ABCD /* UseCases */ = {
			isa = PBXGroup;
			children = (
				AD5A43192CAC20790015ABCD /* GetRecentWeatherDataUseCase.swift */,
				AD5A431A2CAC20790015ABCD /* GetWeatherAtCoordinate.swift */,
				AD5A431B2CAC20790015ABCD /* GetWeatherIconUseCase.swift */,
				AD5A431C2CAC20790015ABCD /* SetRecentWeatherDataUseCase.swift */,
			);
			path = UseCases;
			sourceTree = "<group>";
		};
		AD5A431E2CAC20790015ABCD /* Domain */ = {
			isa = PBXGroup;
			children = (
				AD5A43182CAC20790015ABCD /* Models */,
				AD5A431D2CAC20790015ABCD /* UseCases */,
			);
			path = Domain;
			sourceTree = "<group>";
		};
		AD5A43242CAC20790015ABCD /* Models */ = {
			isa = PBXGroup;
			children = (
				AD5A431F2CAC20790015ABCD /* LocationWeatherError.swift */,
				AD5A43202CAC20790015ABCD /* LocationWeatherMapper.swift */,
				AD5A43212CAC20790015ABCD /* LocationWeatherResponse.swift */,
				AD5A43222CAC20790015ABCD /* MainResponse.swift */,
				AD5A43232CAC20790015ABCD /* WeatherResponse.swift */,
			);
			path = Models;
			sourceTree = "<group>";
		};
		AD5A43272CAC20790015ABCD /* Services */ = {
			isa = PBXGroup;
			children = (
				AD5A43252CAC20790015ABCD /* AppUserDefaults.swift */,
				AD5A43262CAC20790015ABCD /* WeatherService.swift */,
			);
			path = Services;
			sourceTree = "<group>";
		};
		AD5A432C2CAC20790015ABCD /* UseCases */ = {
			isa = PBXGroup;
			children = (
				AD5A43282CAC20790015ABCD /* GetRecentWeatherDataUseCaseImpl.swift */,
				AD5A43292CAC20790015ABCD /* GetWeatherAtCoordinateUseCaseImpl.swift */,
				AD5A432A2CAC20790015ABCD /* GetWeatherIconUseCaseImpl.swift */,
				AD5A432B2CAC20790015ABCD /* SetRecentWeatherDataUseCaseImpl.swift */,
			);
			path = UseCases;
			sourceTree = "<group>";
		};
		AD5A432D2CAC20790015ABCD /* Data */ = {
			isa = PBXGroup;
			children = (
				AD5A43242CAC20790015ABCD /* Models */,
				AD5A43272CAC20790015ABCD /* Services */,
				AD5A432C2CAC20790015ABCD /* UseCases */,
			);
			path = Data;
			sourceTree = "<group>";
		};
/* End PBXGroup section */

/* Begin PBXNativeTarget section */
		AD5A42FA2CAC1C5B0015ABCD /* Weather y MAS */ = {
			isa = PBXNativeTarget;
			buildConfigurationList = AD5A43092CAC1C5F0015ABCD /* Build configuration list for PBXNativeTarget "Weather y MAS" */;
			buildPhases = (
				AD5A42F72CAC1C5B0015ABCD /* Sources */,
				AD5A42F82CAC1C5B0015ABCD /* Frameworks */,
				AD5A42F92CAC1C5B0015ABCD /* Resources */,
			);
			buildRules = (
			);
			dependencies = (
			);
			name = "Weather y MAS";
			packageProductDependencies = (
				AD5A43482CAC215C0015ABCD /* GooglePlaces */,
			);
			productName = "Weather y MAS";
			productReference = AD5A42FB2CAC1C5B0015ABCD /* Weather y MAS.app */;
			productType = "com.apple.product-type.application";
		};
/* End PBXNativeTarget section */

/* Begin PBXProject section */
		AD5A42F32CAC1C5B0015ABCD /* Project object */ = {
			isa = PBXProject;
			attributes = {
				BuildIndependentTargetsInParallel = 1;
				LastSwiftUpdateCheck = 1540;
				LastUpgradeCheck = 1540;
				TargetAttributes = {
					AD5A42FA2CAC1C5B0015ABCD = {
						CreatedOnToolsVersion = 15.4;
					};
				};
			};
			buildConfigurationList = AD5A42F62CAC1C5B0015ABCD /* Build configuration list for PBXProject "Weather y MAS" */;
			compatibilityVersion = "Xcode 14.0";
			developmentRegion = en;
			hasScannedForEncodings = 0;
			knownRegions = (
				en,
				Base,
			);
			mainGroup = AD5A42F22CAC1C5B0015ABCD;
			packageReferences = (
				AD5A43472CAC215C0015ABCD /* XCRemoteSwiftPackageReference "ios-places-sdk" */,
			);
			productRefGroup = AD5A42FC2CAC1C5B0015ABCD /* Products */;
			projectDirPath = "";
			projectRoot = "";
			targets = (
				AD5A42FA2CAC1C5B0015ABCD /* Weather y MAS */,
			);
		};
/* End PBXProject section */

/* Begin PBXResourcesBuildPhase section */
		AD5A42F92CAC1C5B0015ABCD /* Resources */ = {
			isa = PBXResourcesBuildPhase;
			buildActionMask = 2147483647;
			files = (
				AD5A43062CAC1C5F0015ABCD /* Preview Assets.xcassets in Resources */,
				AD5A43032CAC1C5F0015ABCD /* Assets.xcassets in Resources */,
			);
			runOnlyForDeploymentPostprocessing = 0;
		};
/* End PBXResourcesBuildPhase section */

/* Begin PBXSourcesBuildPhase section */
		AD5A42F72CAC1C5B0015ABCD /* Sources */ = {
			isa = PBXSourcesBuildPhase;
			buildActionMask = 2147483647;
			files = (
				AD5A433B2CAC207A0015ABCD /* LocationWeatherResponse.swift in Sources */,
				AD5A43422CAC207A0015ABCD /* GetWeatherIconUseCaseImpl.swift in Sources */,
				AD5A43352CAC207A0015ABCD /* GetRecentWeatherDataUseCase.swift in Sources */,
				AD5A43412CAC207A0015ABCD /* GetWeatherAtCoordinateUseCaseImpl.swift in Sources */,
				AD5A43382CAC207A0015ABCD /* SetRecentWeatherDataUseCase.swift in Sources */,
				AD5A433E2CAC207A0015ABCD /* AppUserDefaults.swift in Sources */,
				AD5A43332CAC207A0015ABCD /* SearchViewController.swift in Sources */,
				AD5A43392CAC207A0015ABCD /* LocationWeatherError.swift in Sources */,
				AD5A43302CAC207A0015ABCD /* ContentViewDelegate.swift in Sources */,
				AD5A43322CAC207A0015ABCD /* LocationManager.swift in Sources */,
				AD5A43342CAC207A0015ABCD /* LocationWeather.swift in Sources */,
				AD5A43442CAC207A0015ABCD /* ContentViewModel.swift in Sources */,
				AD5A433F2CAC207A0015ABCD /* WeatherService.swift in Sources */,
				AD5A42FF2CAC1C5B0015ABCD /* Weather_y_MASApp.swift in Sources */,
				AD5A43432CAC207A0015ABCD /* SetRecentWeatherDataUseCaseImpl.swift in Sources */,
				AD5A43362CAC207A0015ABCD /* GetWeatherAtCoordinate.swift in Sources */,
				AD5A43402CAC207A0015ABCD /* GetRecentWeatherDataUseCaseImpl.swift in Sources */,
				AD5A43462CAC209E0015ABCD /* ContentView.swift in Sources */,
				AD5A43372CAC207A0015ABCD /* GetWeatherIconUseCase.swift in Sources */,
				AD5A433A2CAC207A0015ABCD /* LocationWeatherMapper.swift in Sources */,
				AD5A43312CAC207A0015ABCD /* SearchViewControllerRepresentable.swift in Sources */,
				AD5A433C2CAC207A0015ABCD /* MainResponse.swift in Sources */,
				AD5A433D2CAC207A0015ABCD /* WeatherResponse.swift in Sources */,
			);
			runOnlyForDeploymentPostprocessing = 0;
		};
/* End PBXSourcesBuildPhase section */

/* Begin XCBuildConfiguration section */
		AD5A43072CAC1C5F0015ABCD /* Debug */ = {
			isa = XCBuildConfiguration;
			buildSettings = {
				ALWAYS_SEARCH_USER_PATHS = NO;
				ASSETCATALOG_COMPILER_GENERATE_SWIFT_ASSET_SYMBOL_EXTENSIONS = YES;
				CLANG_ANALYZER_NONNULL = YES;
				CLANG_ANALYZER_NUMBER_OBJECT_CONVERSION = YES_AGGRESSIVE;
				CLANG_CXX_LANGUAGE_STANDARD = "gnu++20";
				CLANG_ENABLE_MODULES = YES;
				CLANG_ENABLE_OBJC_ARC = YES;
				CLANG_ENABLE_OBJC_WEAK = YES;
				CLANG_WARN_BLOCK_CAPTURE_AUTORELEASING = YES;
				CLANG_WARN_BOOL_CONVERSION = YES;
				CLANG_WARN_COMMA = YES;
				CLANG_WARN_CONSTANT_CONVERSION = YES;
				CLANG_WARN_DEPRECATED_OBJC_IMPLEMENTATIONS = YES;
				CLANG_WARN_DIRECT_OBJC_ISA_USAGE = YES_ERROR;
				CLANG_WARN_DOCUMENTATION_COMMENTS = YES;
				CLANG_WARN_EMPTY_BODY = YES;
				CLANG_WARN_ENUM_CONVERSION = YES;
				CLANG_WARN_INFINITE_RECURSION = YES;
				CLANG_WARN_INT_CONVERSION = YES;
				CLANG_WARN_NON_LITERAL_NULL_CONVERSION = YES;
				CLANG_WARN_OBJC_IMPLICIT_RETAIN_SELF = YES;
				CLANG_WARN_OBJC_LITERAL_CONVERSION = YES;
				CLANG_WARN_OBJC_ROOT_CLASS = YES_ERROR;
				CLANG_WARN_QUOTED_INCLUDE_IN_FRAMEWORK_HEADER = YES;
				CLANG_WARN_RANGE_LOOP_ANALYSIS = YES;
				CLANG_WARN_STRICT_PROTOTYPES = YES;
				CLANG_WARN_SUSPICIOUS_MOVE = YES;
				CLANG_WARN_UNGUARDED_AVAILABILITY = YES_AGGRESSIVE;
				CLANG_WARN_UNREACHABLE_CODE = YES;
				CLANG_WARN__DUPLICATE_METHOD_MATCH = YES;
				COPY_PHASE_STRIP = NO;
				DEBUG_INFORMATION_FORMAT = dwarf;
				ENABLE_STRICT_OBJC_MSGSEND = YES;
				ENABLE_TESTABILITY = YES;
				ENABLE_USER_SCRIPT_SANDBOXING = YES;
				GCC_C_LANGUAGE_STANDARD = gnu17;
				GCC_DYNAMIC_NO_PIC = NO;
				GCC_NO_COMMON_BLOCKS = YES;
				GCC_OPTIMIZATION_LEVEL = 0;
				GCC_PREPROCESSOR_DEFINITIONS = (
					"DEBUG=1",
					"$(inherited)",
				);
				GCC_WARN_64_TO_32_BIT_CONVERSION = YES;
				GCC_WARN_ABOUT_RETURN_TYPE = YES_ERROR;
				GCC_WARN_UNDECLARED_SELECTOR = YES;
				GCC_WARN_UNINITIALIZED_AUTOS = YES_AGGRESSIVE;
				GCC_WARN_UNUSED_FUNCTION = YES;
				GCC_WARN_UNUSED_VARIABLE = YES;
				IPHONEOS_DEPLOYMENT_TARGET = 17.5;
				LOCALIZATION_PREFERS_STRING_CATALOGS = YES;
				MTL_ENABLE_DEBUG_INFO = INCLUDE_SOURCE;
				MTL_FAST_MATH = YES;
				ONLY_ACTIVE_ARCH = YES;
				SDKROOT = iphoneos;
				SWIFT_ACTIVE_COMPILATION_CONDITIONS = "DEBUG $(inherited)";
				SWIFT_OPTIMIZATION_LEVEL = "-Onone";
			};
			name = Debug;
		};
		AD5A43082CAC1C5F0015ABCD /* Release */ = {
			isa = XCBuildConfiguration;
			buildSettings = {
				ALWAYS_SEARCH_USER_PATHS = NO;
				ASSETCATALOG_COMPILER_GENERATE_SWIFT_ASSET_SYMBOL_EXTENSIONS = YES;
				CLANG_ANALYZER_NONNULL = YES;
				CLANG_ANALYZER_NUMBER_OBJECT_CONVERSION = YES_AGGRESSIVE;
				CLANG_CXX_LANGUAGE_STANDARD = "gnu++20";
				CLANG_ENABLE_MODULES = YES;
				CLANG_ENABLE_OBJC_ARC = YES;
				CLANG_ENABLE_OBJC_WEAK = YES;
				CLANG_WARN_BLOCK_CAPTURE_AUTORELEASING = YES;
				CLANG_WARN_BOOL_CONVERSION = YES;
				CLANG_WARN_COMMA = YES;
				CLANG_WARN_CONSTANT_CONVERSION = YES;
				CLANG_WARN_DEPRECATED_OBJC_IMPLEMENTATIONS = YES;
				CLANG_WARN_DIRECT_OBJC_ISA_USAGE = YES_ERROR;
				CLANG_WARN_DOCUMENTATION_COMMENTS = YES;
				CLANG_WARN_EMPTY_BODY = YES;
				CLANG_WARN_ENUM_CONVERSION = YES;
				CLANG_WARN_INFINITE_RECURSION = YES;
				CLANG_WARN_INT_CONVERSION = YES;
				CLANG_WARN_NON_LITERAL_NULL_CONVERSION = YES;
				CLANG_WARN_OBJC_IMPLICIT_RETAIN_SELF = YES;
				CLANG_WARN_OBJC_LITERAL_CONVERSION = YES;
				CLANG_WARN_OBJC_ROOT_CLASS = YES_ERROR;
				CLANG_WARN_QUOTED_INCLUDE_IN_FRAMEWORK_HEADER = YES;
				CLANG_WARN_RANGE_LOOP_ANALYSIS = YES;
				CLANG_WARN_STRICT_PROTOTYPES = YES;
				CLANG_WARN_SUSPICIOUS_MOVE = YES;
				CLANG_WARN_UNGUARDED_AVAILABILITY = YES_AGGRESSIVE;
				CLANG_WARN_UNREACHABLE_CODE = YES;
				CLANG_WARN__DUPLICATE_METHOD_MATCH = YES;
				COPY_PHASE_STRIP = NO;
				DEBUG_INFORMATION_FORMAT = "dwarf-with-dsym";
				ENABLE_NS_ASSERTIONS = NO;
				ENABLE_STRICT_OBJC_MSGSEND = YES;
				ENABLE_USER_SCRIPT_SANDBOXING = YES;
				GCC_C_LANGUAGE_STANDARD = gnu17;
				GCC_NO_COMMON_BLOCKS = YES;
				GCC_WARN_64_TO_32_BIT_CONVERSION = YES;
				GCC_WARN_ABOUT_RETURN_TYPE = YES_ERROR;
				GCC_WARN_UNDECLARED_SELECTOR = YES;
				GCC_WARN_UNINITIALIZED_AUTOS = YES_AGGRESSIVE;
				GCC_WARN_UNUSED_FUNCTION = YES;
				GCC_WARN_UNUSED_VARIABLE = YES;
				IPHONEOS_DEPLOYMENT_TARGET = 17.5;
				LOCALIZATION_PREFERS_STRING_CATALOGS = YES;
				MTL_ENABLE_DEBUG_INFO = NO;
				MTL_FAST_MATH = YES;
				SDKROOT = iphoneos;
				SWIFT_COMPILATION_MODE = wholemodule;
				VALIDATE_PRODUCT = YES;
			};
			name = Release;
		};
		AD5A430A2CAC1C5F0015ABCD /* Debug */ = {
			isa = XCBuildConfiguration;
			buildSettings = {
				ASSETCATALOG_COMPILER_APPICON_NAME = AppIcon;
				ASSETCATALOG_COMPILER_GLOBAL_ACCENT_COLOR_NAME = AccentColor;
				CODE_SIGN_STYLE = Automatic;
				CURRENT_PROJECT_VERSION = 1;
				DEVELOPMENT_ASSET_PATHS = "\"Weather y MAS/Preview Content\"";
				DEVELOPMENT_TEAM = PD94K2S3RY;
				ENABLE_PREVIEWS = YES;
				GENERATE_INFOPLIST_FILE = YES;
				INFOPLIST_KEY_CFBundleDisplayName = "Weather y MAS";
				INFOPLIST_KEY_UIApplicationSceneManifest_Generation = YES;
				INFOPLIST_KEY_UIApplicationSupportsIndirectInputEvents = YES;
				INFOPLIST_KEY_UILaunchScreen_Generation = YES;
				INFOPLIST_KEY_UISupportedInterfaceOrientations_iPad = "UIInterfaceOrientationPortrait UIInterfaceOrientationPortraitUpsideDown UIInterfaceOrientationLandscapeLeft UIInterfaceOrientationLandscapeRight";
				INFOPLIST_KEY_UISupportedInterfaceOrientations_iPhone = "UIInterfaceOrientationPortrait UIInterfaceOrientationLandscapeLeft UIInterfaceOrientationLandscapeRight";
				LD_RUNPATH_SEARCH_PATHS = (
					"$(inherited)",
					"@executable_path/Frameworks",
				);
				MARKETING_VERSION = 1.0;
				PRODUCT_BUNDLE_IDENTIFIER = "squareBuilt.Weather-y-MAS";
				PRODUCT_NAME = "$(TARGET_NAME)";
				SWIFT_EMIT_LOC_STRINGS = YES;
				SWIFT_VERSION = 5.0;
				TARGETED_DEVICE_FAMILY = "1,2";
			};
			name = Debug;
		};
		AD5A430B2CAC1C5F0015ABCD /* Release */ = {
			isa = XCBuildConfiguration;
			buildSettings = {
				ASSETCATALOG_COMPILER_APPICON_NAME = AppIcon;
				ASSETCATALOG_COMPILER_GLOBAL_ACCENT_COLOR_NAME = AccentColor;
				CODE_SIGN_STYLE = Automatic;
				CURRENT_PROJECT_VERSION = 1;
				DEVELOPMENT_ASSET_PATHS = "\"Weather y MAS/Preview Content\"";
				DEVELOPMENT_TEAM = PD94K2S3RY;
				ENABLE_PREVIEWS = YES;
				GENERATE_INFOPLIST_FILE = YES;
				INFOPLIST_KEY_CFBundleDisplayName = "Weather y MAS";
				INFOPLIST_KEY_UIApplicationSceneManifest_Generation = YES;
				INFOPLIST_KEY_UIApplicationSupportsIndirectInputEvents = YES;
				INFOPLIST_KEY_UILaunchScreen_Generation = YES;
				INFOPLIST_KEY_UISupportedInterfaceOrientations_iPad = "UIInterfaceOrientationPortrait UIInterfaceOrientationPortraitUpsideDown UIInterfaceOrientationLandscapeLeft UIInterfaceOrientationLandscapeRight";
				INFOPLIST_KEY_UISupportedInterfaceOrientations_iPhone = "UIInterfaceOrientationPortrait UIInterfaceOrientationLandscapeLeft UIInterfaceOrientationLandscapeRight";
				LD_RUNPATH_SEARCH_PATHS = (
					"$(inherited)",
					"@executable_path/Frameworks",
				);
				MARKETING_VERSION = 1.0;
				PRODUCT_BUNDLE_IDENTIFIER = "squareBuilt.Weather-y-MAS";
				PRODUCT_NAME = "$(TARGET_NAME)";
				SWIFT_EMIT_LOC_STRINGS = YES;
				SWIFT_VERSION = 5.0;
				TARGETED_DEVICE_FAMILY = "1,2";
			};
			name = Release;
		};
/* End XCBuildConfiguration section */

/* Begin XCConfigurationList section */
		AD5A42F62CAC1C5B0015ABCD /* Build configuration list for PBXProject "Weather y MAS" */ = {
			isa = XCConfigurationList;
			buildConfigurations = (
				AD5A43072CAC1C5F0015ABCD /* Debug */,
				AD5A43082CAC1C5F0015ABCD /* Release */,
			);
			defaultConfigurationIsVisible = 0;
			defaultConfigurationName = Release;
		};
		AD5A43092CAC1C5F0015ABCD /* Build configuration list for PBXNativeTarget "Weather y MAS" */ = {
			isa = XCConfigurationList;
			buildConfigurations = (
				AD5A430A2CAC1C5F0015ABCD /* Debug */,
				AD5A430B2CAC1C5F0015ABCD /* Release */,
			);
			defaultConfigurationIsVisible = 0;
			defaultConfigurationName = Release;
		};
/* End XCConfigurationList section */

/* Begin XCRemoteSwiftPackageReference section */
		AD5A43472CAC215C0015ABCD /* XCRemoteSwiftPackageReference "ios-places-sdk" */ = {
			isa = XCRemoteSwiftPackageReference;
			repositoryURL = "https://github.com/googlemaps/ios-places-sdk";
			requirement = {
				kind = upToNextMajorVersion;
				minimumVersion = 9.1.0;
			};
		};
/* End XCRemoteSwiftPackageReference section */

/* Begin XCSwiftPackageProductDependency section */
		AD5A43482CAC215C0015ABCD /* GooglePlaces */ = {
			isa = XCSwiftPackageProductDependency;
			package = AD5A43472CAC215C0015ABCD /* XCRemoteSwiftPackageReference "ios-places-sdk" */;
			productName = GooglePlaces;
		};
/* End XCSwiftPackageProductDependency section */
	};
	rootObject = AD5A42F32CAC1C5B0015ABCD /* Project object */;
}
